PODS:
  - ios-realtimeblur (0.0.1)
  - libwebp (0.3.0-rc7):
    - libwebp/dec
    - libwebp/dsp
    - libwebp/utils
    - libwebp/webp
  - libwebp/dec (0.3.0-rc7)
  - libwebp/dsp (0.3.0-rc7)
  - libwebp/utils (0.3.0-rc7)
  - libwebp/webp (0.3.0-rc7)
  - SDWebImage (3.4):
    - libwebp
    - SDWebImage/MapKit
  - SDWebImage/MapKit (3.4):
    - libwebp

DEPENDENCIES:
  - ios-realtimeblur (from `https://raw.github.com/alexdrone/ios-realtimeblur/master/ios-realtimeblur.podspec`)
  - SDWebImage (~> 3.4)

EXTERNAL SOURCES:
  ios-realtimeblur:
    :podspec: https://raw.github.com/alexdrone/ios-realtimeblur/master/ios-realtimeblur.podspec

SPEC CHECKSUMS:
  ios-realtimeblur: 3e60b57921c9e617fd9984e909f49ec1ec8f4a46
  libwebp: 40517fa1fd3716eded73b4696c45fc0b66e4b414
  SDWebImage: f13f791e411c632489824aa7f129e230b52bf5c4

COCOAPODS: 0.24.0
