// !$*UTF8*$!
{
	archiveVersion = 1;
	classes = {
	};
	objectVersion = 46;
	objects = {

/* Begin PBXBuildFile section */
		34F74843C93F469F8DD5475A /* libPods.a in Frameworks */ = {isa = PBXBuildFile; fileRef = 84E89DB07F1445678DE59159 /* libPods.a */; };
		6AA0F3F917EB55A900FA510F /* Foundation.framework in Frameworks */ = {isa = PBXBuildFile; fileRef = 6AA0F3F817EB55A900FA510F /* Foundation.framework */; };
		6AA0F3FB17EB55A900FA510F /* CoreGraphics.framework in Frameworks */ = {isa = PBXBuildFile; fileRef = 6AA0F3FA17EB55A900FA510F /* CoreGraphics.framework */; };
		6AA0F3FD17EB55A900FA510F /* UIKit.framework in Frameworks */ = {isa = PBXBuildFile; fileRef = 6AA0F3FC17EB55A900FA510F /* UIKit.framework */; };
		6AA0F40317EB55A900FA510F /* InfoPlist.strings in Resources */ = {isa = PBXBuildFile; fileRef = 6AA0F40117EB55A900FA510F /* InfoPlist.strings */; };
		6AA0F40517EB55A900FA510F /* main.m in Sources */ = {isa = PBXBuildFile; fileRef = 6AA0F40417EB55A900FA510F /* main.m */; };
		6AA0F40917EB55A900FA510F /* SSAppDelegate.m in Sources */ = {isa = PBXBuildFile; fileRef = 6AA0F40817EB55A900FA510F /* SSAppDelegate.m */; };
		6AA0F40B17EB55A900FA510F /* Images.xcassets in Resources */ = {isa = PBXBuildFile; fileRef = 6AA0F40A17EB55A900FA510F /* Images.xcassets */; };
		6AA0F41217EB55A900FA510F /* XCTest.framework in Frameworks */ = {isa = PBXBuildFile; fileRef = 6AA0F41117EB55A900FA510F /* XCTest.framework */; };
		6AA0F41317EB55A900FA510F /* Foundation.framework in Frameworks */ = {isa = PBXBuildFile; fileRef = 6AA0F3F817EB55A900FA510F /* Foundation.framework */; };
		6AA0F41417EB55A900FA510F /* UIKit.framework in Frameworks */ = {isa = PBXBuildFile; fileRef = 6AA0F3FC17EB55A900FA510F /* UIKit.framework */; };
		6AA0F41C17EB55A900FA510F /* InfoPlist.strings in Resources */ = {isa = PBXBuildFile; fileRef = 6AA0F41A17EB55A900FA510F /* InfoPlist.strings */; };
		6AA0F41E17EB55A900FA510F /* SeePlayerTests.m in Sources */ = {isa = PBXBuildFile; fileRef = 6AA0F41D17EB55A900FA510F /* SeePlayerTests.m */; };
		6AA0F42817EB56C700FA510F /* MainStoryboard.storyboard in Resources */ = {isa = PBXBuildFile; fileRef = 6AA0F42717EB56C700FA510F /* MainStoryboard.storyboard */; };
		6AA0F42B17EB579900FA510F /* PlayerViewController.m in Sources */ = {isa = PBXBuildFile; fileRef = 6AA0F42A17EB579900FA510F /* PlayerViewController.m */; };
		6AA0F42E17EB581000FA510F /* VideoViewController.m in Sources */ = {isa = PBXBuildFile; fileRef = 6AA0F42D17EB581000FA510F /* VideoViewController.m */; };
		6AA0F43117EB587100FA510F /* PlayerPageViewController.m in Sources */ = {isa = PBXBuildFile; fileRef = 6AA0F43017EB587100FA510F /* PlayerPageViewController.m */; };
		6AA0F43417EB71FD00FA510F /* SSTimelineLayout.m in Sources */ = {isa = PBXBuildFile; fileRef = 6AA0F43317EB71FD00FA510F /* SSTimelineLayout.m */; };
		6AA0F43717EB93E200FA510F /* SSTimeline.m in Sources */ = {isa = PBXBuildFile; fileRef = 6AA0F43617EB93E200FA510F /* SSTimeline.m */; };
		6AA0F43A17EB98A700FA510F /* SSAvatarView.m in Sources */ = {isa = PBXBuildFile; fileRef = 6AA0F43917EB98A700FA510F /* SSAvatarView.m */; };
		6AA0F43D17EB9AB500FA510F /* Avatar-placeholder.png in Resources */ = {isa = PBXBuildFile; fileRef = 6AA0F43B17EB9AB500FA510F /* Avatar-placeholder.png */; };
		6AA0F43E17EB9AB500FA510F /* Avatar-placeholder@2x.png in Resources */ = {isa = PBXBuildFile; fileRef = 6AA0F43C17EB9AB500FA510F /* Avatar-placeholder@2x.png */; };
		6AA0F44117EB9AD600FA510F /* SSTimelineCell.m in Sources */ = {isa = PBXBuildFile; fileRef = 6AA0F44017EB9AD600FA510F /* SSTimelineCell.m */; };
		6AA0F44317EBA0D000FA510F /* bg1.jpg in Resources */ = {isa = PBXBuildFile; fileRef = 6AA0F44217EBA0D000FA510F /* bg1.jpg */; };
		6AA0F44517EBA1F300FA510F /* bg2.jpg in Resources */ = {isa = PBXBuildFile; fileRef = 6AA0F44417EBA1F300FA510F /* bg2.jpg */; };
		6AA0F44717EBA25B00FA510F /* bg3.jpg in Resources */ = {isa = PBXBuildFile; fileRef = 6AA0F44617EBA25B00FA510F /* bg3.jpg */; };
		6AE68C5217ED19A200A3431D /* SSPlayerView.m in Sources */ = {isa = PBXBuildFile; fileRef = 6AE68C5117ED19A200A3431D /* SSPlayerView.m */; };
		6AE68C5417ED19E200A3431D /* AVFoundation.framework in Frameworks */ = {isa = PBXBuildFile; fileRef = 6AE68C5317ED19E200A3431D /* AVFoundation.framework */; };
/* End PBXBuildFile section */

/* Begin PBXContainerItemProxy section */
		6AA0F41517EB55A900FA510F /* PBXContainerItemProxy */ = {
			isa = PBXContainerItemProxy;
			containerPortal = 6AA0F3ED17EB55A900FA510F /* Project object */;
			proxyType = 1;
			remoteGlobalIDString = 6AA0F3F417EB55A900FA510F;
			remoteInfo = SeePlayer;
		};
/* End PBXContainerItemProxy section */

/* Begin PBXFileReference section */
		649F3D90D20D45D2ADBDD8B0 /* Pods.xcconfig */ = {isa = PBXFileReference; includeInIndex = 1; lastKnownFileType = text.xcconfig; name = Pods.xcconfig; path = Pods/Pods.xcconfig; sourceTree = "<group>"; };
		6AA0F3F517EB55A900FA510F /* SeePlayer.app */ = {isa = PBXFileReference; explicitFileType = wrapper.application; includeInIndex = 0; path = SeePlayer.app; sourceTree = BUILT_PRODUCTS_DIR; };
		6AA0F3F817EB55A900FA510F /* Foundation.framework */ = {isa = PBXFileReference; lastKnownFileType = wrapper.framework; name = Foundation.framework; path = System/Library/Frameworks/Foundation.framework; sourceTree = SDKROOT; };
		6AA0F3FA17EB55A900FA510F /* CoreGraphics.framework */ = {isa = PBXFileReference; lastKnownFileType = wrapper.framework; name = CoreGraphics.framework; path = System/Library/Frameworks/CoreGraphics.framework; sourceTree = SDKROOT; };
		6AA0F3FC17EB55A900FA510F /* UIKit.framework */ = {isa = PBXFileReference; lastKnownFileType = wrapper.framework; name = UIKit.framework; path = System/Library/Frameworks/UIKit.framework; sourceTree = SDKROOT; };
		6AA0F40017EB55A900FA510F /* SeePlayer-Info.plist */ = {isa = PBXFileReference; lastKnownFileType = text.plist.xml; path = "SeePlayer-Info.plist"; sourceTree = "<group>"; };
		6AA0F40217EB55A900FA510F /* en */ = {isa = PBXFileReference; lastKnownFileType = text.plist.strings; name = en; path = en.lproj/InfoPlist.strings; sourceTree = "<group>"; };
		6AA0F40417EB55A900FA510F /* main.m */ = {isa = PBXFileReference; lastKnownFileType = sourcecode.c.objc; path = main.m; sourceTree = "<group>"; };
		6AA0F40617EB55A900FA510F /* SeePlayer-Prefix.pch */ = {isa = PBXFileReference; lastKnownFileType = sourcecode.c.h; path = "SeePlayer-Prefix.pch"; sourceTree = "<group>"; };
		6AA0F40717EB55A900FA510F /* SSAppDelegate.h */ = {isa = PBXFileReference; lastKnownFileType = sourcecode.c.h; path = SSAppDelegate.h; sourceTree = "<group>"; };
		6AA0F40817EB55A900FA510F /* SSAppDelegate.m */ = {isa = PBXFileReference; lastKnownFileType = sourcecode.c.objc; path = SSAppDelegate.m; sourceTree = "<group>"; };
		6AA0F40A17EB55A900FA510F /* Images.xcassets */ = {isa = PBXFileReference; lastKnownFileType = folder.assetcatalog; path = Images.xcassets; sourceTree = "<group>"; };
		6AA0F41017EB55A900FA510F /* SeePlayerTests.xctest */ = {isa = PBXFileReference; explicitFileType = wrapper.cfbundle; includeInIndex = 0; path = SeePlayerTests.xctest; sourceTree = BUILT_PRODUCTS_DIR; };
		6AA0F41117EB55A900FA510F /* XCTest.framework */ = {isa = PBXFileReference; lastKnownFileType = wrapper.framework; name = XCTest.framework; path = Library/Frameworks/XCTest.framework; sourceTree = DEVELOPER_DIR; };
		6AA0F41917EB55A900FA510F /* SeePlayerTests-Info.plist */ = {isa = PBXFileReference; lastKnownFileType = text.plist.xml; path = "SeePlayerTests-Info.plist"; sourceTree = "<group>"; };
		6AA0F41B17EB55A900FA510F /* en */ = {isa = PBXFileReference; lastKnownFileType = text.plist.strings; name = en; path = en.lproj/InfoPlist.strings; sourceTree = "<group>"; };
		6AA0F41D17EB55A900FA510F /* SeePlayerTests.m */ = {isa = PBXFileReference; lastKnownFileType = sourcecode.c.objc; path = SeePlayerTests.m; sourceTree = "<group>"; };
		6AA0F42717EB56C700FA510F /* MainStoryboard.storyboard */ = {isa = PBXFileReference; fileEncoding = 4; lastKnownFileType = file.storyboard; path = MainStoryboard.storyboard; sourceTree = "<group>"; };
		6AA0F42917EB579900FA510F /* PlayerViewController.h */ = {isa = PBXFileReference; fileEncoding = 4; lastKnownFileType = sourcecode.c.h; path = PlayerViewController.h; sourceTree = "<group>"; };
		6AA0F42A17EB579900FA510F /* PlayerViewController.m */ = {isa = PBXFileReference; fileEncoding = 4; lastKnownFileType = sourcecode.c.objc; path = PlayerViewController.m; sourceTree = "<group>"; };
		6AA0F42C17EB581000FA510F /* VideoViewController.h */ = {isa = PBXFileReference; fileEncoding = 4; lastKnownFileType = sourcecode.c.h; path = VideoViewController.h; sourceTree = "<group>"; };
		6AA0F42D17EB581000FA510F /* VideoViewController.m */ = {isa = PBXFileReference; fileEncoding = 4; lastKnownFileType = sourcecode.c.objc; path = VideoViewController.m; sourceTree = "<group>"; };
		6AA0F42F17EB587100FA510F /* PlayerPageViewController.h */ = {isa = PBXFileReference; fileEncoding = 4; lastKnownFileType = sourcecode.c.h; path = PlayerPageViewController.h; sourceTree = "<group>"; };
		6AA0F43017EB587100FA510F /* PlayerPageViewController.m */ = {isa = PBXFileReference; fileEncoding = 4; lastKnownFileType = sourcecode.c.objc; path = PlayerPageViewController.m; sourceTree = "<group>"; };
		6AA0F43217EB71FD00FA510F /* SSTimelineLayout.h */ = {isa = PBXFileReference; fileEncoding = 4; lastKnownFileType = sourcecode.c.h; path = SSTimelineLayout.h; sourceTree = "<group>"; };
		6AA0F43317EB71FD00FA510F /* SSTimelineLayout.m */ = {isa = PBXFileReference; fileEncoding = 4; lastKnownFileType = sourcecode.c.objc; path = SSTimelineLayout.m; sourceTree = "<group>"; };
		6AA0F43517EB93E200FA510F /* SSTimeline.h */ = {isa = PBXFileReference; fileEncoding = 4; lastKnownFileType = sourcecode.c.h; path = SSTimeline.h; sourceTree = "<group>"; };
		6AA0F43617EB93E200FA510F /* SSTimeline.m */ = {isa = PBXFileReference; fileEncoding = 4; lastKnownFileType = sourcecode.c.objc; path = SSTimeline.m; sourceTree = "<group>"; };
		6AA0F43817EB98A700FA510F /* SSAvatarView.h */ = {isa = PBXFileReference; fileEncoding = 4; lastKnownFileType = sourcecode.c.h; path = SSAvatarView.h; sourceTree = "<group>"; };
		6AA0F43917EB98A700FA510F /* SSAvatarView.m */ = {isa = PBXFileReference; fileEncoding = 4; lastKnownFileType = sourcecode.c.objc; path = SSAvatarView.m; sourceTree = "<group>"; };
		6AA0F43B17EB9AB500FA510F /* Avatar-placeholder.png */ = {isa = PBXFileReference; lastKnownFileType = image.png; path = "Avatar-placeholder.png"; sourceTree = "<group>"; };
		6AA0F43C17EB9AB500FA510F /* Avatar-placeholder@2x.png */ = {isa = PBXFileReference; lastKnownFileType = image.png; path = "Avatar-placeholder@2x.png"; sourceTree = "<group>"; };
		6AA0F43F17EB9AD600FA510F /* SSTimelineCell.h */ = {isa = PBXFileReference; fileEncoding = 4; lastKnownFileType = sourcecode.c.h; path = SSTimelineCell.h; sourceTree = "<group>"; };
		6AA0F44017EB9AD600FA510F /* SSTimelineCell.m */ = {isa = PBXFileReference; fileEncoding = 4; lastKnownFileType = sourcecode.c.objc; path = SSTimelineCell.m; sourceTree = "<group>"; };
		6AA0F44217EBA0D000FA510F /* bg1.jpg */ = {isa = PBXFileReference; lastKnownFileType = image.jpeg; path = bg1.jpg; sourceTree = "<group>"; };
		6AA0F44417EBA1F300FA510F /* bg2.jpg */ = {isa = PBXFileReference; lastKnownFileType = image.jpeg; path = bg2.jpg; sourceTree = "<group>"; };
		6AA0F44617EBA25B00FA510F /* bg3.jpg */ = {isa = PBXFileReference; lastKnownFileType = image.jpeg; path = bg3.jpg; sourceTree = "<group>"; };
		6AE68C5017ED19A200A3431D /* SSPlayerView.h */ = {isa = PBXFileReference; fileEncoding = 4; lastKnownFileType = sourcecode.c.h; path = SSPlayerView.h; sourceTree = "<group>"; };
		6AE68C5117ED19A200A3431D /* SSPlayerView.m */ = {isa = PBXFileReference; fileEncoding = 4; lastKnownFileType = sourcecode.c.objc; path = SSPlayerView.m; sourceTree = "<group>"; };
		6AE68C5317ED19E200A3431D /* AVFoundation.framework */ = {isa = PBXFileReference; lastKnownFileType = wrapper.framework; name = AVFoundation.framework; path = System/Library/Frameworks/AVFoundation.framework; sourceTree = SDKROOT; };
		84E89DB07F1445678DE59159 /* libPods.a */ = {isa = PBXFileReference; explicitFileType = archive.ar; includeInIndex = 0; path = libPods.a; sourceTree = BUILT_PRODUCTS_DIR; };
/* End PBXFileReference section */

/* Begin PBXFrameworksBuildPhase section */
		6AA0F3F217EB55A900FA510F /* Frameworks */ = {
			isa = PBXFrameworksBuildPhase;
			buildActionMask = 2147483647;
			files = (
				6AE68C5417ED19E200A3431D /* AVFoundation.framework in Frameworks */,
				6AA0F3FB17EB55A900FA510F /* CoreGraphics.framework in Frameworks */,
				6AA0F3FD17EB55A900FA510F /* UIKit.framework in Frameworks */,
				6AA0F3F917EB55A900FA510F /* Foundation.framework in Frameworks */,
				34F74843C93F469F8DD5475A /* libPods.a in Frameworks */,
			);
			runOnlyForDeploymentPostprocessing = 0;
		};
		6AA0F40D17EB55A900FA510F /* Frameworks */ = {
			isa = PBXFrameworksBuildPhase;
			buildActionMask = 2147483647;
			files = (
				6AA0F41217EB55A900FA510F /* XCTest.framework in Frameworks */,
				6AA0F41417EB55A900FA510F /* UIKit.framework in Frameworks */,
				6AA0F41317EB55A900FA510F /* Foundation.framework in Frameworks */,
			);
			runOnlyForDeploymentPostprocessing = 0;
		};
/* End PBXFrameworksBuildPhase section */

/* Begin PBXGroup section */
		6AA0F3EC17EB55A900FA510F = {
			isa = PBXGroup;
			children = (
				6AA0F3FE17EB55A900FA510F /* SeePlayer */,
				6AA0F41717EB55A900FA510F /* SeePlayerTests */,
				6AA0F3F717EB55A900FA510F /* Frameworks */,
				6AA0F3F617EB55A900FA510F /* Products */,
				649F3D90D20D45D2ADBDD8B0 /* Pods.xcconfig */,
			);
			sourceTree = "<group>";
		};
		6AA0F3F617EB55A900FA510F /* Products */ = {
			isa = PBXGroup;
			children = (
				6AA0F3F517EB55A900FA510F /* SeePlayer.app */,
				6AA0F41017EB55A900FA510F /* SeePlayerTests.xctest */,
			);
			name = Products;
			sourceTree = "<group>";
		};
		6AA0F3F717EB55A900FA510F /* Frameworks */ = {
			isa = PBXGroup;
			children = (
				6AE68C5317ED19E200A3431D /* AVFoundation.framework */,
				6AA0F3F817EB55A900FA510F /* Foundation.framework */,
				6AA0F3FA17EB55A900FA510F /* CoreGraphics.framework */,
				6AA0F3FC17EB55A900FA510F /* UIKit.framework */,
				6AA0F41117EB55A900FA510F /* XCTest.framework */,
				84E89DB07F1445678DE59159 /* libPods.a */,
			);
			name = Frameworks;
			sourceTree = "<group>";
		};
		6AA0F3FE17EB55A900FA510F /* SeePlayer */ = {
			isa = PBXGroup;
			children = (
				6AA0F43B17EB9AB500FA510F /* Avatar-placeholder.png */,
				6AA0F43C17EB9AB500FA510F /* Avatar-placeholder@2x.png */,
				6AA0F40717EB55A900FA510F /* SSAppDelegate.h */,
				6AA0F40817EB55A900FA510F /* SSAppDelegate.m */,
				6AA0F40A17EB55A900FA510F /* Images.xcassets */,
				6AA0F3FF17EB55A900FA510F /* Supporting Files */,
				6AA0F42717EB56C700FA510F /* MainStoryboard.storyboard */,
				6AA0F42917EB579900FA510F /* PlayerViewController.h */,
				6AA0F42A17EB579900FA510F /* PlayerViewController.m */,
				6AA0F42C17EB581000FA510F /* VideoViewController.h */,
				6AA0F42D17EB581000FA510F /* VideoViewController.m */,
				6AA0F44217EBA0D000FA510F /* bg1.jpg */,
				6AA0F44617EBA25B00FA510F /* bg3.jpg */,
				6AA0F44417EBA1F300FA510F /* bg2.jpg */,
				6AA0F42F17EB587100FA510F /* PlayerPageViewController.h */,
				6AA0F43017EB587100FA510F /* PlayerPageViewController.m */,
				6AA0F43217EB71FD00FA510F /* SSTimelineLayout.h */,
				6AA0F43317EB71FD00FA510F /* SSTimelineLayout.m */,
				6AA0F43517EB93E200FA510F /* SSTimeline.h */,
				6AA0F43617EB93E200FA510F /* SSTimeline.m */,
				6AA0F43817EB98A700FA510F /* SSAvatarView.h */,
				6AA0F43917EB98A700FA510F /* SSAvatarView.m */,
				6AA0F43F17EB9AD600FA510F /* SSTimelineCell.h */,
				6AA0F44017EB9AD600FA510F /* SSTimelineCell.m */,
				6AE68C5017ED19A200A3431D /* SSPlayerView.h */,
				6AE68C5117ED19A200A3431D /* SSPlayerView.m */,
			);
			path = SeePlayer;
			sourceTree = "<group>";
		};
		6AA0F3FF17EB55A900FA510F /* Supporting Files */ = {
			isa = PBXGroup;
			children = (
				6AA0F40017EB55A900FA510F /* SeePlayer-Info.plist */,
				6AA0F40117EB55A900FA510F /* InfoPlist.strings */,
				6AA0F40417EB55A900FA510F /* main.m */,
				6AA0F40617EB55A900FA510F /* SeePlayer-Prefix.pch */,
			);
			name = "Supporting Files";
			sourceTree = "<group>";
		};
		6AA0F41717EB55A900FA510F /* SeePlayerTests */ = {
			isa = PBXGroup;
			children = (
				6AA0F41D17EB55A900FA510F /* SeePlayerTests.m */,
				6AA0F41817EB55A900FA510F /* Supporting Files */,
			);
			path = SeePlayerTests;
			sourceTree = "<group>";
		};
		6AA0F41817EB55A900FA510F /* Supporting Files */ = {
			isa = PBXGroup;
			children = (
				6AA0F41917EB55A900FA510F /* SeePlayerTests-Info.plist */,
				6AA0F41A17EB55A900FA510F /* InfoPlist.strings */,
			);
			name = "Supporting Files";
			sourceTree = "<group>";
		};
/* End PBXGroup section */

/* Begin PBXNativeTarget section */
		6AA0F3F417EB55A900FA510F /* SeePlayer */ = {
			isa = PBXNativeTarget;
			buildConfigurationList = 6AA0F42117EB55A900FA510F /* Build configuration list for PBXNativeTarget "SeePlayer" */;
			buildPhases = (
				4862955CCE0F4F2CA808267F /* Check Pods Manifest.lock */,
				6AA0F3F117EB55A900FA510F /* Sources */,
				6AA0F3F217EB55A900FA510F /* Frameworks */,
				6AA0F3F317EB55A900FA510F /* Resources */,
				51B87E36B62444FE967CD862 /* Copy Pods Resources */,
			);
			buildRules = (
			);
			dependencies = (
			);
			name = SeePlayer;
			productName = SeePlayer;
			productReference = 6AA0F3F517EB55A900FA510F /* SeePlayer.app */;
			productType = "com.apple.product-type.application";
		};
		6AA0F40F17EB55A900FA510F /* SeePlayerTests */ = {
			isa = PBXNativeTarget;
			buildConfigurationList = 6AA0F42417EB55A900FA510F /* Build configuration list for PBXNativeTarget "SeePlayerTests" */;
			buildPhases = (
				6AA0F40C17EB55A900FA510F /* Sources */,
				6AA0F40D17EB55A900FA510F /* Frameworks */,
				6AA0F40E17EB55A900FA510F /* Resources */,
			);
			buildRules = (
			);
			dependencies = (
				6AA0F41617EB55A900FA510F /* PBXTargetDependency */,
			);
			name = SeePlayerTests;
			productName = SeePlayerTests;
			productReference = 6AA0F41017EB55A900FA510F /* SeePlayerTests.xctest */;
			productType = "com.apple.product-type.bundle.unit-test";
		};
/* End PBXNativeTarget section */

/* Begin PBXProject section */
		6AA0F3ED17EB55A900FA510F /* Project object */ = {
			isa = PBXProject;
			attributes = {
				CLASSPREFIX = SS;
				LastUpgradeCheck = 0500;
				ORGANIZATIONNAME = buildo;
				TargetAttributes = {
					6AA0F40F17EB55A900FA510F = {
						TestTargetID = 6AA0F3F417EB55A900FA510F;
					};
				};
			};
			buildConfigurationList = 6AA0F3F017EB55A900FA510F /* Build configuration list for PBXProject "SeePlayer" */;
			compatibilityVersion = "Xcode 3.2";
			developmentRegion = English;
			hasScannedForEncodings = 0;
			knownRegions = (
				en,
			);
			mainGroup = 6AA0F3EC17EB55A900FA510F;
			productRefGroup = 6AA0F3F617EB55A900FA510F /* Products */;
			projectDirPath = "";
			projectRoot = "";
			targets = (
				6AA0F3F417EB55A900FA510F /* SeePlayer */,
				6AA0F40F17EB55A900FA510F /* SeePlayerTests */,
			);
		};
/* End PBXProject section */

/* Begin PBXResourcesBuildPhase section */
		6AA0F3F317EB55A900FA510F /* Resources */ = {
			isa = PBXResourcesBuildPhase;
			buildActionMask = 2147483647;
			files = (
				6AA0F44317EBA0D000FA510F /* bg1.jpg in Resources */,
				6AA0F43E17EB9AB500FA510F /* Avatar-placeholder@2x.png in Resources */,
				6AA0F44717EBA25B00FA510F /* bg3.jpg in Resources */,
				6AA0F43D17EB9AB500FA510F /* Avatar-placeholder.png in Resources */,
				6AA0F44517EBA1F300FA510F /* bg2.jpg in Resources */,
				6AA0F42817EB56C700FA510F /* MainStoryboard.storyboard in Resources */,
				6AA0F40317EB55A900FA510F /* InfoPlist.strings in Resources */,
				6AA0F40B17EB55A900FA510F /* Images.xcassets in Resources */,
			);
			runOnlyForDeploymentPostprocessing = 0;
		};
		6AA0F40E17EB55A900FA510F /* Resources */ = {
			isa = PBXResourcesBuildPhase;
			buildActionMask = 2147483647;
			files = (
				6AA0F41C17EB55A900FA510F /* InfoPlist.strings in Resources */,
			);
			runOnlyForDeploymentPostprocessing = 0;
		};
/* End PBXResourcesBuildPhase section */

/* Begin PBXShellScriptBuildPhase section */
		4862955CCE0F4F2CA808267F /* Check Pods Manifest.lock */ = {
			isa = PBXShellScriptBuildPhase;
			buildActionMask = 2147483647;
			files = (
			);
			inputPaths = (
			);
			name = "Check Pods Manifest.lock";
			outputPaths = (
			);
			runOnlyForDeploymentPostprocessing = 0;
			shellPath = /bin/sh;
			shellScript = "diff \"${PODS_ROOT}/../Podfile.lock\" \"${PODS_ROOT}/Manifest.lock\" > /dev/null\nif [[ $? != 0 ]] ; then\n    cat << EOM\nerror: The sandbox is not in sync with the Podfile.lock. Run 'pod install' or update your CocoaPods installation.\nEOM\n    exit 1\nfi\n";
			showEnvVarsInLog = 0;
		};
		51B87E36B62444FE967CD862 /* Copy Pods Resources */ = {
			isa = PBXShellScriptBuildPhase;
			buildActionMask = 2147483647;
			files = (
			);
			inputPaths = (
			);
			name = "Copy Pods Resources";
			outputPaths = (
			);
			runOnlyForDeploymentPostprocessing = 0;
			shellPath = /bin/sh;
			shellScript = "\"${SRCROOT}/Pods/Pods-resources.sh\"\n";
			showEnvVarsInLog = 0;
		};
/* End PBXShellScriptBuildPhase section */

/* Begin PBXSourcesBuildPhase section */
		6AA0F3F117EB55A900FA510F /* Sources */ = {
			isa = PBXSourcesBuildPhase;
			buildActionMask = 2147483647;
			files = (
				6AA0F40917EB55A900FA510F /* SSAppDelegate.m in Sources */,
				6AA0F43A17EB98A700FA510F /* SSAvatarView.m in Sources */,
				6AA0F40517EB55A900FA510F /* main.m in Sources */,
				6AA0F44117EB9AD600FA510F /* SSTimelineCell.m in Sources */,
				6AA0F43717EB93E200FA510F /* SSTimeline.m in Sources */,
				6AE68C5217ED19A200A3431D /* SSPlayerView.m in Sources */,
				6AA0F43417EB71FD00FA510F /* SSTimelineLayout.m in Sources */,
				6AA0F43117EB587100FA510F /* PlayerPageViewController.m in Sources */,
				6AA0F42E17EB581000FA510F /* VideoViewController.m in Sources */,
				6AA0F42B17EB579900FA510F /* PlayerViewController.m in Sources */,
			);
			runOnlyForDeploymentPostprocessing = 0;
		};
		6AA0F40C17EB55A900FA510F /* Sources */ = {
			isa = PBXSourcesBuildPhase;
			buildActionMask = 2147483647;
			files = (
				6AA0F41E17EB55A900FA510F /* SeePlayerTests.m in Sources */,
			);
			runOnlyForDeploymentPostprocessing = 0;
		};
/* End PBXSourcesBuildPhase section */

/* Begin PBXTargetDependency section */
		6AA0F41617EB55A900FA510F /* PBXTargetDependency */ = {
			isa = PBXTargetDependency;
			target = 6AA0F3F417EB55A900FA510F /* SeePlayer */;
			targetProxy = 6AA0F41517EB55A900FA510F /* PBXContainerItemProxy */;
		};
/* End PBXTargetDependency section */

/* Begin PBXVariantGroup section */
		6AA0F40117EB55A900FA510F /* InfoPlist.strings */ = {
			isa = PBXVariantGroup;
			children = (
				6AA0F40217EB55A900FA510F /* en */,
			);
			name = InfoPlist.strings;
			sourceTree = "<group>";
		};
		6AA0F41A17EB55A900FA510F /* InfoPlist.strings */ = {
			isa = PBXVariantGroup;
			children = (
				6AA0F41B17EB55A900FA510F /* en */,
			);
			name = InfoPlist.strings;
			sourceTree = "<group>";
		};
/* End PBXVariantGroup section */

/* Begin XCBuildConfiguration section */
		6AA0F41F17EB55A900FA510F /* Debug */ = {
			isa = XCBuildConfiguration;
			buildSettings = {
				ALWAYS_SEARCH_USER_PATHS = NO;
				ARCHS = "$(ARCHS_STANDARD_INCLUDING_64_BIT)";
				CLANG_CXX_LANGUAGE_STANDARD = "gnu++0x";
				CLANG_CXX_LIBRARY = "libc++";
				CLANG_ENABLE_MODULES = YES;
				CLANG_ENABLE_OBJC_ARC = YES;
				CLANG_WARN_BOOL_CONVERSION = YES;
				CLANG_WARN_CONSTANT_CONVERSION = YES;
				CLANG_WARN_DIRECT_OBJC_ISA_USAGE = YES_ERROR;
				CLANG_WARN_EMPTY_BODY = YES;
				CLANG_WARN_ENUM_CONVERSION = YES;
				CLANG_WARN_INT_CONVERSION = YES;
				CLANG_WARN_OBJC_ROOT_CLASS = YES_ERROR;
				CLANG_WARN__DUPLICATE_METHOD_MATCH = YES;
				"CODE_SIGN_IDENTITY[sdk=iphoneos*]" = "iPhone Developer";
				COPY_PHASE_STRIP = NO;
				GCC_C_LANGUAGE_STANDARD = gnu99;
				GCC_DYNAMIC_NO_PIC = NO;
				GCC_OPTIMIZATION_LEVEL = 0;
				GCC_PREPROCESSOR_DEFINITIONS = (
					"DEBUG=1",
					"$(inherited)",
				);
				GCC_SYMBOLS_PRIVATE_EXTERN = NO;
				GCC_WARN_64_TO_32_BIT_CONVERSION = YES;
				GCC_WARN_ABOUT_RETURN_TYPE = YES_ERROR;
				GCC_WARN_UNDECLARED_SELECTOR = YES;
				GCC_WARN_UNINITIALIZED_AUTOS = YES;
				GCC_WARN_UNUSED_FUNCTION = YES;
				GCC_WARN_UNUSED_VARIABLE = YES;
				IPHONEOS_DEPLOYMENT_TARGET = 7.0;
				ONLY_ACTIVE_ARCH = YES;
				SDKROOT = iphoneos;
			};
			name = Debug;
		};
		6AA0F42017EB55A900FA510F /* Release */ = {
			isa = XCBuildConfiguration;
			buildSettings = {
				ALWAYS_SEARCH_USER_PATHS = NO;
				ARCHS = "$(ARCHS_STANDARD_INCLUDING_64_BIT)";
				CLANG_CXX_LANGUAGE_STANDARD = "gnu++0x";
				CLANG_CXX_LIBRARY = "libc++";
				CLANG_ENABLE_MODULES = YES;
				CLANG_ENABLE_OBJC_ARC = YES;
				CLANG_WARN_BOOL_CONVERSION = YES;
				CLANG_WARN_CONSTANT_CONVERSION = YES;
				CLANG_WARN_DIRECT_OBJC_ISA_USAGE = YES_ERROR;
				CLANG_WARN_EMPTY_BODY = YES;
				CLANG_WARN_ENUM_CONVERSION = YES;
				CLANG_WARN_INT_CONVERSION = YES;
				CLANG_WARN_OBJC_ROOT_CLASS = YES_ERROR;
				CLANG_WARN__DUPLICATE_METHOD_MATCH = YES;
				"CODE_SIGN_IDENTITY[sdk=iphoneos*]" = "iPhone Developer";
				COPY_PHASE_STRIP = YES;
				ENABLE_NS_ASSERTIONS = NO;
				GCC_C_LANGUAGE_STANDARD = gnu99;
				GCC_WARN_64_TO_32_BIT_CONVERSION = YES;
				GCC_WARN_ABOUT_RETURN_TYPE = YES_ERROR;
				GCC_WARN_UNDECLARED_SELECTOR = YES;
				GCC_WARN_UNINITIALIZED_AUTOS = YES;
				GCC_WARN_UNUSED_FUNCTION = YES;
				GCC_WARN_UNUSED_VARIABLE = YES;
				IPHONEOS_DEPLOYMENT_TARGET = 7.0;
				SDKROOT = iphoneos;
				VALIDATE_PRODUCT = YES;
			};
			name = Release;
		};
		6AA0F42217EB55A900FA510F /* Debug */ = {
			isa = XCBuildConfiguration;
			baseConfigurationReference = 649F3D90D20D45D2ADBDD8B0 /* Pods.xcconfig */;
			buildSettings = {
				ARCHS = "$(ARCHS_STANDARD)";
				ASSETCATALOG_COMPILER_APPICON_NAME = AppIcon;
				ASSETCATALOG_COMPILER_LAUNCHIMAGE_NAME = LaunchImage;
				GCC_PRECOMPILE_PREFIX_HEADER = YES;
				GCC_PREFIX_HEADER = "SeePlayer/SeePlayer-Prefix.pch";
				INFOPLIST_FILE = "SeePlayer/SeePlayer-Info.plist";
				IPHONEOS_DEPLOYMENT_TARGET = 6.0;
				PRODUCT_NAME = "$(TARGET_NAME)";
				WRAPPER_EXTENSION = app;
			};
			name = Debug;
		};
		6AA0F42317EB55A900FA510F /* Release */ = {
			isa = XCBuildConfiguration;
			baseConfigurationReference = 649F3D90D20D45D2ADBDD8B0 /* Pods.xcconfig */;
			buildSettings = {
				ARCHS = "$(ARCHS_STANDARD)";
				ASSETCATALOG_COMPILER_APPICON_NAME = AppIcon;
				ASSETCATALOG_COMPILER_LAUNCHIMAGE_NAME = LaunchImage;
				GCC_PRECOMPILE_PREFIX_HEADER = YES;
				GCC_PREFIX_HEADER = "SeePlayer/SeePlayer-Prefix.pch";
				INFOPLIST_FILE = "SeePlayer/SeePlayer-Info.plist";
				IPHONEOS_DEPLOYMENT_TARGET = 6.0;
				PRODUCT_NAME = "$(TARGET_NAME)";
				WRAPPER_EXTENSION = app;
			};
			name = Release;
		};
		6AA0F42517EB55A900FA510F /* Debug */ = {
			isa = XCBuildConfiguration;
			buildSettings = {
				ARCHS = "$(ARCHS_STANDARD_INCLUDING_64_BIT)";
				BUNDLE_LOADER = "$(BUILT_PRODUCTS_DIR)/SeePlayer.app/SeePlayer";
				FRAMEWORK_SEARCH_PATHS = (
					"$(SDKROOT)/Developer/Library/Frameworks",
					"$(inherited)",
					"$(DEVELOPER_FRAMEWORKS_DIR)",
				);
				GCC_PRECOMPILE_PREFIX_HEADER = YES;
				GCC_PREFIX_HEADER = "SeePlayer/SeePlayer-Prefix.pch";
				GCC_PREPROCESSOR_DEFINITIONS = (
					"DEBUG=1",
					"$(inherited)",
				);
				INFOPLIST_FILE = "SeePlayerTests/SeePlayerTests-Info.plist";
				PRODUCT_NAME = "$(TARGET_NAME)";
				TEST_HOST = "$(BUNDLE_LOADER)";
				WRAPPER_EXTENSION = xctest;
			};
			name = Debug;
		};
		6AA0F42617EB55A900FA510F /* Release */ = {
			isa = XCBuildConfiguration;
			buildSettings = {
				ARCHS = "$(ARCHS_STANDARD_INCLUDING_64_BIT)";
				BUNDLE_LOADER = "$(BUILT_PRODUCTS_DIR)/SeePlayer.app/SeePlayer";
				FRAMEWORK_SEARCH_PATHS = (
					"$(SDKROOT)/Developer/Library/Frameworks",
					"$(inherited)",
					"$(DEVELOPER_FRAMEWORKS_DIR)",
				);
				GCC_PRECOMPILE_PREFIX_HEADER = YES;
				GCC_PREFIX_HEADER = "SeePlayer/SeePlayer-Prefix.pch";
				INFOPLIST_FILE = "SeePlayerTests/SeePlayerTests-Info.plist";
				PRODUCT_NAME = "$(TARGET_NAME)";
				TEST_HOST = "$(BUNDLE_LOADER)";
				WRAPPER_EXTENSION = xctest;
			};
			name = Release;
		};
/* End XCBuildConfiguration section */

/* Begin XCConfigurationList section */
		6AA0F3F017EB55A900FA510F /* Build configuration list for PBXProject "SeePlayer" */ = {
			isa = XCConfigurationList;
			buildConfigurations = (
				6AA0F41F17EB55A900FA510F /* Debug */,
				6AA0F42017EB55A900FA510F /* Release */,
			);
			defaultConfigurationIsVisible = 0;
			defaultConfigurationName = Release;
		};
		6AA0F42117EB55A900FA510F /* Build configuration list for PBXNativeTarget "SeePlayer" */ = {
			isa = XCConfigurationList;
			buildConfigurations = (
				6AA0F42217EB55A900FA510F /* Debug */,
				6AA0F42317EB55A900FA510F /* Release */,
			);
			defaultConfigurationIsVisible = 0;
			defaultConfigurationName = Release;
		};
		6AA0F42417EB55A900FA510F /* Build configuration list for PBXNativeTarget "SeePlayerTests" */ = {
			isa = XCConfigurationList;
			buildConfigurations = (
				6AA0F42517EB55A900FA510F /* Debug */,
				6AA0F42617EB55A900FA510F /* Release */,
			);
			defaultConfigurationIsVisible = 0;
			defaultConfigurationName = Release;
		};
/* End XCConfigurationList section */
	};
	rootObject = 6AA0F3ED17EB55A900FA510F /* Project object */;
}
